// !$*UTF8*$!
{
	archiveVersion = 1;
	classes = {
	};
	objectVersion = 50;
	objects = {

/* Begin PBXBuildFile section */
		F10E7CF021B4D592000DFC95 /* NSObject+Swizzling.h in Headers */ = {isa = PBXBuildFile; fileRef = F10E7CEE21B4D592000DFC95 /* NSObject+Swizzling.h */; settings = {ATTRIBUTES = (Public, ); }; };
		F10E7CF121B4D592000DFC95 /* NSObject+Swizzling.m in Sources */ = {isa = PBXBuildFile; fileRef = F10E7CEF21B4D592000DFC95 /* NSObject+Swizzling.m */; };
		F161041921A67C9A005CBA6D /* CKPopView.h in Headers */ = {isa = PBXBuildFile; fileRef = F161041721A67C99005CBA6D /* CKPopView.h */; settings = {ATTRIBUTES = (Public, ); }; };
		F161041A21A67C9A005CBA6D /* CKPopView.m in Sources */ = {isa = PBXBuildFile; fileRef = F161041821A67C99005CBA6D /* CKPopView.m */; };
		F161041E21A67D94005CBA6D /* UIApplication+Present.m in Sources */ = {isa = PBXBuildFile; fileRef = F161041C21A67D94005CBA6D /* UIApplication+Present.m */; };
		F161041F21A67D94005CBA6D /* UIApplication+Present.h in Headers */ = {isa = PBXBuildFile; fileRef = F161041D21A67D94005CBA6D /* UIApplication+Present.h */; settings = {ATTRIBUTES = (Public, ); }; };
		F161046921AD14B7005CBA6D /* NSURLProtocol+WKWebview.m in Sources */ = {isa = PBXBuildFile; fileRef = F161046521AD14B6005CBA6D /* NSURLProtocol+WKWebview.m */; };
		F161046A21AD14B7005CBA6D /* CKURLProtocol.m in Sources */ = {isa = PBXBuildFile; fileRef = F161046621AD14B7005CBA6D /* CKURLProtocol.m */; };
		F161046B21AD14B7005CBA6D /* NSURLProtocol+WKWebview.h in Headers */ = {isa = PBXBuildFile; fileRef = F161046721AD14B7005CBA6D /* NSURLProtocol+WKWebview.h */; settings = {ATTRIBUTES = (Public, ); }; };
		F161046C21AD14B7005CBA6D /* CKURLProtocol.h in Headers */ = {isa = PBXBuildFile; fileRef = F161046821AD14B7005CBA6D /* CKURLProtocol.h */; settings = {ATTRIBUTES = (Public, ); }; };
		F161047021AD152F005CBA6D /* CKCache.m in Sources */ = {isa = PBXBuildFile; fileRef = F161046E21AD152E005CBA6D /* CKCache.m */; };
		F161047121AD152F005CBA6D /* CKCache.h in Headers */ = {isa = PBXBuildFile; fileRef = F161046F21AD152E005CBA6D /* CKCache.h */; settings = {ATTRIBUTES = (Public, ); }; };
		F161047321AD154D005CBA6D /* Singleton.h in Headers */ = {isa = PBXBuildFile; fileRef = F161047221AD154D005CBA6D /* Singleton.h */; settings = {ATTRIBUTES = (Public, ); }; };
		F161047521AD160E005CBA6D /* SerializeKit.h in Headers */ = {isa = PBXBuildFile; fileRef = F161047421AD160E005CBA6D /* SerializeKit.h */; settings = {ATTRIBUTES = (Public, ); }; };
		F1695BA921C22C7700790DB1 /* UINavigationController+FDFullscreenPopGesture.m in Sources */ = {isa = PBXBuildFile; fileRef = F1695BA721C22C7700790DB1 /* UINavigationController+FDFullscreenPopGesture.m */; };
		F1695BAA21C22C7700790DB1 /* UINavigationController+FDFullscreenPopGesture.h in Headers */ = {isa = PBXBuildFile; fileRef = F1695BA821C22C7700790DB1 /* UINavigationController+FDFullscreenPopGesture.h */; settings = {ATTRIBUTES = (Public, ); }; };
		F1695BB121C3771D00790DB1 /* UIView+Extension.m in Sources */ = {isa = PBXBuildFile; fileRef = F1695BAF21C3771D00790DB1 /* UIView+Extension.m */; };
		F1695BB221C3771D00790DB1 /* UIView+Extension.h in Headers */ = {isa = PBXBuildFile; fileRef = F1695BB021C3771D00790DB1 /* UIView+Extension.h */; settings = {ATTRIBUTES = (Public, ); }; };
		F171EBA6225ED3BF00227A13 /* UITextField+limit.h in Headers */ = {isa = PBXBuildFile; fileRef = F171EBA4225ED3BF00227A13 /* UITextField+limit.h */; settings = {ATTRIBUTES = (Public, ); }; };
		F171EBA7225ED3BF00227A13 /* UITextField+limit.m in Sources */ = {isa = PBXBuildFile; fileRef = F171EBA5225ED3BF00227A13 /* UITextField+limit.m */; };
		F171EBAF225ED4D100227A13 /* UIDraggableCollectionView.m in Sources */ = {isa = PBXBuildFile; fileRef = F171EBA9225ED4D100227A13 /* UIDraggableCollectionView.m */; };
		F171EBB0225ED4D100227A13 /* ULBCollectionViewFlowLayout.h in Headers */ = {isa = PBXBuildFile; fileRef = F171EBAA225ED4D100227A13 /* ULBCollectionViewFlowLayout.h */; settings = {ATTRIBUTES = (Public, ); }; };
		F171EBB1225ED4D100227A13 /* UICollectionViewFallFlowLayout.m in Sources */ = {isa = PBXBuildFile; fileRef = F171EBAB225ED4D100227A13 /* UICollectionViewFallFlowLayout.m */; };
		F171EBB2225ED4D100227A13 /* ULBCollectionViewFlowLayout.m in Sources */ = {isa = PBXBuildFile; fileRef = F171EBAC225ED4D100227A13 /* ULBCollectionViewFlowLayout.m */; };
		F171EBB3225ED4D100227A13 /* UIDraggableCollectionView.h in Headers */ = {isa = PBXBuildFile; fileRef = F171EBAD225ED4D100227A13 /* UIDraggableCollectionView.h */; settings = {ATTRIBUTES = (Public, ); }; };
		F171EBB4225ED4D100227A13 /* UICollectionViewFallFlowLayout.h in Headers */ = {isa = PBXBuildFile; fileRef = F171EBAE225ED4D100227A13 /* UICollectionViewFallFlowLayout.h */; settings = {ATTRIBUTES = (Public, ); }; };
		F171EBC3225F019500227A13 /* NSObject+Observer.h in Headers */ = {isa = PBXBuildFile; fileRef = F171EBC1225F019500227A13 /* NSObject+Observer.h */; settings = {ATTRIBUTES = (Public, ); }; };
		F171EBC4225F019500227A13 /* NSObject+Observer.m in Sources */ = {isa = PBXBuildFile; fileRef = F171EBC2225F019500227A13 /* NSObject+Observer.m */; };
		F171EBC8225F05F700227A13 /* UIScrollView+StatusBar.m in Sources */ = {isa = PBXBuildFile; fileRef = F171EBC6225F05F700227A13 /* UIScrollView+StatusBar.m */; };
		F171EBC9225F05F700227A13 /* UIScrollView+StatusBar.h in Headers */ = {isa = PBXBuildFile; fileRef = F171EBC7225F05F700227A13 /* UIScrollView+StatusBar.h */; settings = {ATTRIBUTES = (Public, ); }; };
		F1B0FE95222E20110056FE9C /* UIKit.framework in Frameworks */ = {isa = PBXBuildFile; fileRef = F1B0FE94222E20110056FE9C /* UIKit.framework */; };
		F1B0FE97222E20180056FE9C /* WebKit.framework in Frameworks */ = {isa = PBXBuildFile; fileRef = F1B0FE96222E20180056FE9C /* WebKit.framework */; };
		F1E15E9921A27F97009B3AD8 /* GLKit.h in Headers */ = {isa = PBXBuildFile; fileRef = F1E15E9721A27F97009B3AD8 /* GLKit.h */; settings = {ATTRIBUTES = (Public, ); }; };
		F1E15EA421A27FF8009B3AD8 /* GCDTimerQueue.h in Headers */ = {isa = PBXBuildFile; fileRef = F1E15EA021A27FF8009B3AD8 /* GCDTimerQueue.h */; settings = {ATTRIBUTES = (Public, ); }; };
		F1E15EA521A27FF8009B3AD8 /* GCDTimer.h in Headers */ = {isa = PBXBuildFile; fileRef = F1E15EA121A27FF8009B3AD8 /* GCDTimer.h */; settings = {ATTRIBUTES = (Public, ); }; };
		F1E15EA621A27FF8009B3AD8 /* GCDTimerQueue.m in Sources */ = {isa = PBXBuildFile; fileRef = F1E15EA221A27FF8009B3AD8 /* GCDTimerQueue.m */; };
		F1E15EA721A27FF8009B3AD8 /* GCDTimer.m in Sources */ = {isa = PBXBuildFile; fileRef = F1E15EA321A27FF8009B3AD8 /* GCDTimer.m */; };
		F1F72F5422641CF40079A0A1 /* FlowBaseViewModel.m in Sources */ = {isa = PBXBuildFile; fileRef = F1F72F3C22641CF40079A0A1 /* FlowBaseViewModel.m */; };
		F1F72F5522641CF40079A0A1 /* FlowSectionViewModel.h in Headers */ = {isa = PBXBuildFile; fileRef = F1F72F3D22641CF40079A0A1 /* FlowSectionViewModel.h */; settings = {ATTRIBUTES = (Public, ); }; };
		F1F72F5622641CF40079A0A1 /* FlowBaseViewModel.h in Headers */ = {isa = PBXBuildFile; fileRef = F1F72F3E22641CF40079A0A1 /* FlowBaseViewModel.h */; settings = {ATTRIBUTES = (Public, ); }; };
		F1F72F5722641CF40079A0A1 /* FlowSectionViewModel.m in Sources */ = {isa = PBXBuildFile; fileRef = F1F72F3F22641CF40079A0A1 /* FlowSectionViewModel.m */; };
		F1F72F5822641CF40079A0A1 /* FlowProvider.h in Headers */ = {isa = PBXBuildFile; fileRef = F1F72F4122641CF40079A0A1 /* FlowProvider.h */; settings = {ATTRIBUTES = (Public, ); }; };
		F1F72F5922641CF40079A0A1 /* FlowProvider.m in Sources */ = {isa = PBXBuildFile; fileRef = F1F72F4222641CF40079A0A1 /* FlowProvider.m */; };
		F1F72F5A22641CF40079A0A1 /* FlowLayout.m in Sources */ = {isa = PBXBuildFile; fileRef = F1F72F4422641CF40079A0A1 /* FlowLayout.m */; };
		F1F72F5B22641CF40079A0A1 /* FlowBaseController.h in Headers */ = {isa = PBXBuildFile; fileRef = F1F72F4522641CF40079A0A1 /* FlowBaseController.h */; settings = {ATTRIBUTES = (Public, ); }; };
		F1F72F5C22641CF40079A0A1 /* FlowLayout.h in Headers */ = {isa = PBXBuildFile; fileRef = F1F72F4622641CF40079A0A1 /* FlowLayout.h */; settings = {ATTRIBUTES = (Public, ); }; };
		F1F72F5D22641CF40079A0A1 /* FlowBaseController.m in Sources */ = {isa = PBXBuildFile; fileRef = F1F72F4722641CF40079A0A1 /* FlowBaseController.m */; };
		F1F72F5E22641CF40079A0A1 /* FlowBaseModel.m in Sources */ = {isa = PBXBuildFile; fileRef = F1F72F4922641CF40079A0A1 /* FlowBaseModel.m */; };
		F1F72F5F22641CF40079A0A1 /* FlowBaseModel.h in Headers */ = {isa = PBXBuildFile; fileRef = F1F72F4A22641CF40079A0A1 /* FlowBaseModel.h */; settings = {ATTRIBUTES = (Public, ); }; };
		F1F72F6022641CF40079A0A1 /* FlowCommonCell.h in Headers */ = {isa = PBXBuildFile; fileRef = F1F72F4C22641CF40079A0A1 /* FlowCommonCell.h */; settings = {ATTRIBUTES = (Public, ); }; };
		F1F72F6122641CF40079A0A1 /* FlowCommonAccessoryCell.m in Sources */ = {isa = PBXBuildFile; fileRef = F1F72F4D22641CF40079A0A1 /* FlowCommonAccessoryCell.m */; };
		F1F72F6222641CF40079A0A1 /* FlowReuseHeaderFooterView.m in Sources */ = {isa = PBXBuildFile; fileRef = F1F72F4E22641CF40079A0A1 /* FlowReuseHeaderFooterView.m */; };
		F1F72F6322641CF40079A0A1 /* FlowBaseViewCell.h in Headers */ = {isa = PBXBuildFile; fileRef = F1F72F4F22641CF40079A0A1 /* FlowBaseViewCell.h */; settings = {ATTRIBUTES = (Public, ); }; };
		F1F72F6422641CF40079A0A1 /* FlowCommonCell.m in Sources */ = {isa = PBXBuildFile; fileRef = F1F72F5022641CF40079A0A1 /* FlowCommonCell.m */; };
		F1F72F6522641CF40079A0A1 /* FlowReuseHeaderFooterView.h in Headers */ = {isa = PBXBuildFile; fileRef = F1F72F5122641CF40079A0A1 /* FlowReuseHeaderFooterView.h */; settings = {ATTRIBUTES = (Public, ); }; };
		F1F72F6622641CF40079A0A1 /* FlowCommonAccessoryCell.h in Headers */ = {isa = PBXBuildFile; fileRef = F1F72F5222641CF40079A0A1 /* FlowCommonAccessoryCell.h */; settings = {ATTRIBUTES = (Public, ); }; };
		F1F72F6722641CF40079A0A1 /* FlowBaseViewCell.m in Sources */ = {isa = PBXBuildFile; fileRef = F1F72F5322641CF40079A0A1 /* FlowBaseViewCell.m */; };
/* End PBXBuildFile section */

/* Begin PBXFileReference section */
		F10E7CEE21B4D592000DFC95 /* NSObject+Swizzling.h */ = {isa = PBXFileReference; fileEncoding = 4; lastKnownFileType = sourcecode.c.h; path = "NSObject+Swizzling.h"; sourceTree = "<group>"; };
		F10E7CEF21B4D592000DFC95 /* NSObject+Swizzling.m */ = {isa = PBXFileReference; fileEncoding = 4; lastKnownFileType = sourcecode.c.objc; path = "NSObject+Swizzling.m"; sourceTree = "<group>"; };
		F161041721A67C99005CBA6D /* CKPopView.h */ = {isa = PBXFileReference; fileEncoding = 4; lastKnownFileType = sourcecode.c.h; path = CKPopView.h; sourceTree = "<group>"; };
		F161041821A67C99005CBA6D /* CKPopView.m */ = {isa = PBXFileReference; fileEncoding = 4; lastKnownFileType = sourcecode.c.objc; path = CKPopView.m; sourceTree = "<group>"; };
		F161041C21A67D94005CBA6D /* UIApplication+Present.m */ = {isa = PBXFileReference; fileEncoding = 4; lastKnownFileType = sourcecode.c.objc; path = "UIApplication+Present.m"; sourceTree = "<group>"; };
		F161041D21A67D94005CBA6D /* UIApplication+Present.h */ = {isa = PBXFileReference; fileEncoding = 4; lastKnownFileType = sourcecode.c.h; path = "UIApplication+Present.h"; sourceTree = "<group>"; };
		F161046521AD14B6005CBA6D /* NSURLProtocol+WKWebview.m */ = {isa = PBXFileReference; fileEncoding = 4; lastKnownFileType = sourcecode.c.objc; path = "NSURLProtocol+WKWebview.m"; sourceTree = "<group>"; };
		F161046621AD14B7005CBA6D /* CKURLProtocol.m */ = {isa = PBXFileReference; fileEncoding = 4; lastKnownFileType = sourcecode.c.objc; path = CKURLProtocol.m; sourceTree = "<group>"; };
		F161046721AD14B7005CBA6D /* NSURLProtocol+WKWebview.h */ = {isa = PBXFileReference; fileEncoding = 4; lastKnownFileType = sourcecode.c.h; path = "NSURLProtocol+WKWebview.h"; sourceTree = "<group>"; };
		F161046821AD14B7005CBA6D /* CKURLProtocol.h */ = {isa = PBXFileReference; fileEncoding = 4; lastKnownFileType = sourcecode.c.h; path = CKURLProtocol.h; sourceTree = "<group>"; };
		F161046E21AD152E005CBA6D /* CKCache.m */ = {isa = PBXFileReference; fileEncoding = 4; lastKnownFileType = sourcecode.c.objc; path = CKCache.m; sourceTree = "<group>"; };
		F161046F21AD152E005CBA6D /* CKCache.h */ = {isa = PBXFileReference; fileEncoding = 4; lastKnownFileType = sourcecode.c.h; path = CKCache.h; sourceTree = "<group>"; };
		F161047221AD154D005CBA6D /* Singleton.h */ = {isa = PBXFileReference; fileEncoding = 4; lastKnownFileType = sourcecode.c.h; path = Singleton.h; sourceTree = "<group>"; };
		F161047421AD160E005CBA6D /* SerializeKit.h */ = {isa = PBXFileReference; fileEncoding = 4; lastKnownFileType = sourcecode.c.h; path = SerializeKit.h; sourceTree = "<group>"; };
		F1695BA721C22C7700790DB1 /* UINavigationController+FDFullscreenPopGesture.m */ = {isa = PBXFileReference; fileEncoding = 4; lastKnownFileType = sourcecode.c.objc; path = "UINavigationController+FDFullscreenPopGesture.m"; sourceTree = "<group>"; };
		F1695BA821C22C7700790DB1 /* UINavigationController+FDFullscreenPopGesture.h */ = {isa = PBXFileReference; fileEncoding = 4; lastKnownFileType = sourcecode.c.h; path = "UINavigationController+FDFullscreenPopGesture.h"; sourceTree = "<group>"; };
		F1695BAF21C3771D00790DB1 /* UIView+Extension.m */ = {isa = PBXFileReference; fileEncoding = 4; lastKnownFileType = sourcecode.c.objc; path = "UIView+Extension.m"; sourceTree = "<group>"; };
		F1695BB021C3771D00790DB1 /* UIView+Extension.h */ = {isa = PBXFileReference; fileEncoding = 4; lastKnownFileType = sourcecode.c.h; path = "UIView+Extension.h"; sourceTree = "<group>"; };
		F171EBA4225ED3BF00227A13 /* UITextField+limit.h */ = {isa = PBXFileReference; fileEncoding = 4; lastKnownFileType = sourcecode.c.h; path = "UITextField+limit.h"; sourceTree = "<group>"; };
		F171EBA5225ED3BF00227A13 /* UITextField+limit.m */ = {isa = PBXFileReference; fileEncoding = 4; lastKnownFileType = sourcecode.c.objc; path = "UITextField+limit.m"; sourceTree = "<group>"; };
		F171EBA9225ED4D100227A13 /* UIDraggableCollectionView.m */ = {isa = PBXFileReference; fileEncoding = 4; lastKnownFileType = sourcecode.c.objc; path = UIDraggableCollectionView.m; sourceTree = "<group>"; };
		F171EBAA225ED4D100227A13 /* ULBCollectionViewFlowLayout.h */ = {isa = PBXFileReference; fileEncoding = 4; lastKnownFileType = sourcecode.c.h; path = ULBCollectionViewFlowLayout.h; sourceTree = "<group>"; };
		F171EBAB225ED4D100227A13 /* UICollectionViewFallFlowLayout.m */ = {isa = PBXFileReference; fileEncoding = 4; lastKnownFileType = sourcecode.c.objc; path = UICollectionViewFallFlowLayout.m; sourceTree = "<group>"; };
		F171EBAC225ED4D100227A13 /* ULBCollectionViewFlowLayout.m */ = {isa = PBXFileReference; fileEncoding = 4; lastKnownFileType = sourcecode.c.objc; path = ULBCollectionViewFlowLayout.m; sourceTree = "<group>"; };
		F171EBAD225ED4D100227A13 /* UIDraggableCollectionView.h */ = {isa = PBXFileReference; fileEncoding = 4; lastKnownFileType = sourcecode.c.h; path = UIDraggableCollectionView.h; sourceTree = "<group>"; };
		F171EBAE225ED4D100227A13 /* UICollectionViewFallFlowLayout.h */ = {isa = PBXFileReference; fileEncoding = 4; lastKnownFileType = sourcecode.c.h; path = UICollectionViewFallFlowLayout.h; sourceTree = "<group>"; };
		F171EBC1225F019500227A13 /* NSObject+Observer.h */ = {isa = PBXFileReference; lastKnownFileType = sourcecode.c.h; path = "NSObject+Observer.h"; sourceTree = "<group>"; };
		F171EBC2225F019500227A13 /* NSObject+Observer.m */ = {isa = PBXFileReference; lastKnownFileType = sourcecode.c.objc; path = "NSObject+Observer.m"; sourceTree = "<group>"; };
		F171EBC6225F05F700227A13 /* UIScrollView+StatusBar.m */ = {isa = PBXFileReference; fileEncoding = 4; lastKnownFileType = sourcecode.c.objc; path = "UIScrollView+StatusBar.m"; sourceTree = "<group>"; };
		F171EBC7225F05F700227A13 /* UIScrollView+StatusBar.h */ = {isa = PBXFileReference; fileEncoding = 4; lastKnownFileType = sourcecode.c.h; path = "UIScrollView+StatusBar.h"; sourceTree = "<group>"; };
		F1B0FE94222E20110056FE9C /* UIKit.framework */ = {isa = PBXFileReference; lastKnownFileType = wrapper.framework; name = UIKit.framework; path = System/Library/Frameworks/UIKit.framework; sourceTree = SDKROOT; };
		F1B0FE96222E20180056FE9C /* WebKit.framework */ = {isa = PBXFileReference; lastKnownFileType = wrapper.framework; name = WebKit.framework; path = System/Library/Frameworks/WebKit.framework; sourceTree = SDKROOT; };
		F1E15E9421A27F97009B3AD8 /* GLKit.framework */ = {isa = PBXFileReference; explicitFileType = wrapper.framework; includeInIndex = 0; path = GLKit.framework; sourceTree = BUILT_PRODUCTS_DIR; };
		F1E15E9721A27F97009B3AD8 /* GLKit.h */ = {isa = PBXFileReference; lastKnownFileType = sourcecode.c.h; path = GLKit.h; sourceTree = "<group>"; };
		F1E15E9821A27F97009B3AD8 /* Info.plist */ = {isa = PBXFileReference; lastKnownFileType = text.plist.xml; path = Info.plist; sourceTree = "<group>"; };
		F1E15EA021A27FF8009B3AD8 /* GCDTimerQueue.h */ = {isa = PBXFileReference; fileEncoding = 4; lastKnownFileType = sourcecode.c.h; path = GCDTimerQueue.h; sourceTree = "<group>"; };
		F1E15EA121A27FF8009B3AD8 /* GCDTimer.h */ = {isa = PBXFileReference; fileEncoding = 4; lastKnownFileType = sourcecode.c.h; path = GCDTimer.h; sourceTree = "<group>"; };
		F1E15EA221A27FF8009B3AD8 /* GCDTimerQueue.m */ = {isa = PBXFileReference; fileEncoding = 4; lastKnownFileType = sourcecode.c.objc; path = GCDTimerQueue.m; sourceTree = "<group>"; };
		F1E15EA321A27FF8009B3AD8 /* GCDTimer.m */ = {isa = PBXFileReference; fileEncoding = 4; lastKnownFileType = sourcecode.c.objc; path = GCDTimer.m; sourceTree = "<group>"; };
		F1F72F3C22641CF40079A0A1 /* FlowBaseViewModel.m */ = {isa = PBXFileReference; fileEncoding = 4; lastKnownFileType = sourcecode.c.objc; path = FlowBaseViewModel.m; sourceTree = "<group>"; };
		F1F72F3D22641CF40079A0A1 /* FlowSectionViewModel.h */ = {isa = PBXFileReference; fileEncoding = 4; lastKnownFileType = sourcecode.c.h; path = FlowSectionViewModel.h; sourceTree = "<group>"; };
		F1F72F3E22641CF40079A0A1 /* FlowBaseViewModel.h */ = {isa = PBXFileReference; fileEncoding = 4; lastKnownFileType = sourcecode.c.h; path = FlowBaseViewModel.h; sourceTree = "<group>"; };
		F1F72F3F22641CF40079A0A1 /* FlowSectionViewModel.m */ = {isa = PBXFileReference; fileEncoding = 4; lastKnownFileType = sourcecode.c.objc; path = FlowSectionViewModel.m; sourceTree = "<group>"; };
		F1F72F4122641CF40079A0A1 /* FlowProvider.h */ = {isa = PBXFileReference; fileEncoding = 4; lastKnownFileType = sourcecode.c.h; path = FlowProvider.h; sourceTree = "<group>"; };
		F1F72F4222641CF40079A0A1 /* FlowProvider.m */ = {isa = PBXFileReference; fileEncoding = 4; lastKnownFileType = sourcecode.c.objc; path = FlowProvider.m; sourceTree = "<group>"; };
		F1F72F4422641CF40079A0A1 /* FlowLayout.m */ = {isa = PBXFileReference; fileEncoding = 4; lastKnownFileType = sourcecode.c.objc; path = FlowLayout.m; sourceTree = "<group>"; };
		F1F72F4522641CF40079A0A1 /* FlowBaseController.h */ = {isa = PBXFileReference; fileEncoding = 4; lastKnownFileType = sourcecode.c.h; path = FlowBaseController.h; sourceTree = "<group>"; };
		F1F72F4622641CF40079A0A1 /* FlowLayout.h */ = {isa = PBXFileReference; fileEncoding = 4; lastKnownFileType = sourcecode.c.h; path = FlowLayout.h; sourceTree = "<group>"; };
		F1F72F4722641CF40079A0A1 /* FlowBaseController.m */ = {isa = PBXFileReference; fileEncoding = 4; lastKnownFileType = sourcecode.c.objc; path = FlowBaseController.m; sourceTree = "<group>"; };
		F1F72F4922641CF40079A0A1 /* FlowBaseModel.m */ = {isa = PBXFileReference; fileEncoding = 4; lastKnownFileType = sourcecode.c.objc; path = FlowBaseModel.m; sourceTree = "<group>"; };
		F1F72F4A22641CF40079A0A1 /* FlowBaseModel.h */ = {isa = PBXFileReference; fileEncoding = 4; lastKnownFileType = sourcecode.c.h; path = FlowBaseModel.h; sourceTree = "<group>"; };
		F1F72F4C22641CF40079A0A1 /* FlowCommonCell.h */ = {isa = PBXFileReference; fileEncoding = 4; lastKnownFileType = sourcecode.c.h; path = FlowCommonCell.h; sourceTree = "<group>"; };
		F1F72F4D22641CF40079A0A1 /* FlowCommonAccessoryCell.m */ = {isa = PBXFileReference; fileEncoding = 4; lastKnownFileType = sourcecode.c.objc; path = FlowCommonAccessoryCell.m; sourceTree = "<group>"; };
		F1F72F4E22641CF40079A0A1 /* FlowReuseHeaderFooterView.m */ = {isa = PBXFileReference; fileEncoding = 4; lastKnownFileType = sourcecode.c.objc; path = FlowReuseHeaderFooterView.m; sourceTree = "<group>"; };
		F1F72F4F22641CF40079A0A1 /* FlowBaseViewCell.h */ = {isa = PBXFileReference; fileEncoding = 4; lastKnownFileType = sourcecode.c.h; path = FlowBaseViewCell.h; sourceTree = "<group>"; };
		F1F72F5022641CF40079A0A1 /* FlowCommonCell.m */ = {isa = PBXFileReference; fileEncoding = 4; lastKnownFileType = sourcecode.c.objc; path = FlowCommonCell.m; sourceTree = "<group>"; };
		F1F72F5122641CF40079A0A1 /* FlowReuseHeaderFooterView.h */ = {isa = PBXFileReference; fileEncoding = 4; lastKnownFileType = sourcecode.c.h; path = FlowReuseHeaderFooterView.h; sourceTree = "<group>"; };
		F1F72F5222641CF40079A0A1 /* FlowCommonAccessoryCell.h */ = {isa = PBXFileReference; fileEncoding = 4; lastKnownFileType = sourcecode.c.h; path = FlowCommonAccessoryCell.h; sourceTree = "<group>"; };
		F1F72F5322641CF40079A0A1 /* FlowBaseViewCell.m */ = {isa = PBXFileReference; fileEncoding = 4; lastKnownFileType = sourcecode.c.objc; path = FlowBaseViewCell.m; sourceTree = "<group>"; };
/* End PBXFileReference section */

/* Begin PBXFrameworksBuildPhase section */
		F1E15E9121A27F97009B3AD8 /* Frameworks */ = {
			isa = PBXFrameworksBuildPhase;
			buildActionMask = 2147483647;
			files = (
				F1B0FE97222E20180056FE9C /* WebKit.framework in Frameworks */,
				F1B0FE95222E20110056FE9C /* UIKit.framework in Frameworks */,
			);
			runOnlyForDeploymentPostprocessing = 0;
		};
/* End PBXFrameworksBuildPhase section */

/* Begin PBXGroup section */
		F10E7CED21B4D561000DFC95 /* NSObject */ = {
			isa = PBXGroup;
			children = (
				F10E7CEE21B4D592000DFC95 /* NSObject+Swizzling.h */,
				F10E7CEF21B4D592000DFC95 /* NSObject+Swizzling.m */,
				F171EBC1225F019500227A13 /* NSObject+Observer.h */,
				F171EBC2225F019500227A13 /* NSObject+Observer.m */,
			);
			path = NSObject;
			sourceTree = "<group>";
		};
		F161041621A67C8A005CBA6D /* PopView */ = {
			isa = PBXGroup;
			children = (
				F161041721A67C99005CBA6D /* CKPopView.h */,
				F161041821A67C99005CBA6D /* CKPopView.m */,
			);
			path = PopView;
			sourceTree = "<group>";
		};
		F161041B21A67D88005CBA6D /* UIApplication */ = {
			isa = PBXGroup;
			children = (
				F1695BA821C22C7700790DB1 /* UINavigationController+FDFullscreenPopGesture.h */,
				F1695BA721C22C7700790DB1 /* UINavigationController+FDFullscreenPopGesture.m */,
				F161041D21A67D94005CBA6D /* UIApplication+Present.h */,
				F161041C21A67D94005CBA6D /* UIApplication+Present.m */,
			);
			path = UIApplication;
			sourceTree = "<group>";
		};
		F161046421AD1499005CBA6D /* URLProtocol */ = {
			isa = PBXGroup;
			children = (
				F161046821AD14B7005CBA6D /* CKURLProtocol.h */,
				F161046621AD14B7005CBA6D /* CKURLProtocol.m */,
				F161046721AD14B7005CBA6D /* NSURLProtocol+WKWebview.h */,
				F161046521AD14B6005CBA6D /* NSURLProtocol+WKWebview.m */,
			);
			path = URLProtocol;
			sourceTree = "<group>";
		};
		F161046D21AD1502005CBA6D /* Cache */ = {
			isa = PBXGroup;
			children = (
				F161046F21AD152E005CBA6D /* CKCache.h */,
				F161046E21AD152E005CBA6D /* CKCache.m */,
			);
			path = Cache;
			sourceTree = "<group>";
		};
		F1695BAE21C3771000790DB1 /* UIView */ = {
			isa = PBXGroup;
			children = (
				F1695BB021C3771D00790DB1 /* UIView+Extension.h */,
				F1695BAF21C3771D00790DB1 /* UIView+Extension.m */,
			);
			path = UIView;
			sourceTree = "<group>";
		};
		F171EBA3225ED3BF00227A13 /* UITextField */ = {
			isa = PBXGroup;
			children = (
				F171EBA4225ED3BF00227A13 /* UITextField+limit.h */,
				F171EBA5225ED3BF00227A13 /* UITextField+limit.m */,
			);
			path = UITextField;
			sourceTree = "<group>";
		};
		F171EBC5225F05F700227A13 /* ScrollView */ = {
			isa = PBXGroup;
			children = (
				F171EBC6225F05F700227A13 /* UIScrollView+StatusBar.m */,
				F171EBC7225F05F700227A13 /* UIScrollView+StatusBar.h */,
			);
			path = ScrollView;
			sourceTree = "<group>";
		};
		F1B0FE93222E20110056FE9C /* Frameworks */ = {
			isa = PBXGroup;
			children = (
				F1B0FE96222E20180056FE9C /* WebKit.framework */,
				F1B0FE94222E20110056FE9C /* UIKit.framework */,
			);
			name = Frameworks;
			sourceTree = "<group>";
		};
		F1E15E8A21A27F97009B3AD8 = {
			isa = PBXGroup;
			children = (
				F1E15E9621A27F97009B3AD8 /* GLKit */,
				F1E15E9521A27F97009B3AD8 /* Products */,
				F1B0FE93222E20110056FE9C /* Frameworks */,
			);
			sourceTree = "<group>";
		};
		F1E15E9521A27F97009B3AD8 /* Products */ = {
			isa = PBXGroup;
			children = (
				F1E15E9421A27F97009B3AD8 /* GLKit.framework */,
			);
			name = Products;
			sourceTree = "<group>";
		};
		F1E15E9621A27F97009B3AD8 /* GLKit */ = {
			isa = PBXGroup;
			children = (
				F1F72F7A2268137C0079A0A1 /* Types */,
				F1F72F78226812FC0079A0A1 /* Catagory */,
				F1F72F3A22641CF40079A0A1 /* FlowView */,
				F161046D21AD1502005CBA6D /* Cache */,
				F161046421AD1499005CBA6D /* URLProtocol */,
				F161041621A67C8A005CBA6D /* PopView */,
				F1E15E9F21A27FE7009B3AD8 /* GCDTimer */,
				F1E15E9721A27F97009B3AD8 /* GLKit.h */,
				F1E15E9821A27F97009B3AD8 /* Info.plist */,
			);
			path = GLKit;
			sourceTree = "<group>";
		};
		F1E15E9F21A27FE7009B3AD8 /* GCDTimer */ = {
			isa = PBXGroup;
			children = (
				F1E15EA121A27FF8009B3AD8 /* GCDTimer.h */,
				F1E15EA321A27FF8009B3AD8 /* GCDTimer.m */,
				F1E15EA021A27FF8009B3AD8 /* GCDTimerQueue.h */,
				F1E15EA221A27FF8009B3AD8 /* GCDTimerQueue.m */,
			);
			path = GCDTimer;
			sourceTree = "<group>";
		};
		F1F72F3A22641CF40079A0A1 /* FlowView */ = {
			isa = PBXGroup;
			children = (
				F1F72F79226813430079A0A1 /* layout */,
				F1F72F3B22641CF40079A0A1 /* viewmodel */,
				F1F72F4022641CF40079A0A1 /* provider */,
				F1F72F4322641CF40079A0A1 /* controller */,
				F1F72F4822641CF40079A0A1 /* model */,
				F1F72F4B22641CF40079A0A1 /* view */,
			);
			path = FlowView;
			sourceTree = "<group>";
		};
		F1F72F3B22641CF40079A0A1 /* viewmodel */ = {
			isa = PBXGroup;
			children = (
				F1F72F3C22641CF40079A0A1 /* FlowBaseViewModel.m */,
				F1F72F3D22641CF40079A0A1 /* FlowSectionViewModel.h */,
				F1F72F3E22641CF40079A0A1 /* FlowBaseViewModel.h */,
				F1F72F3F22641CF40079A0A1 /* FlowSectionViewModel.m */,
			);
			path = viewmodel;
			sourceTree = "<group>";
		};
		F1F72F4022641CF40079A0A1 /* provider */ = {
			isa = PBXGroup;
			children = (
				F1F72F4122641CF40079A0A1 /* FlowProvider.h */,
				F1F72F4222641CF40079A0A1 /* FlowProvider.m */,
			);
			path = provider;
			sourceTree = "<group>";
		};
		F1F72F4322641CF40079A0A1 /* controller */ = {
			isa = PBXGroup;
			children = (
				F1F72F4422641CF40079A0A1 /* FlowLayout.m */,
				F1F72F4522641CF40079A0A1 /* FlowBaseController.h */,
				F1F72F4622641CF40079A0A1 /* FlowLayout.h */,
				F1F72F4722641CF40079A0A1 /* FlowBaseController.m */,
			);
			path = controller;
			sourceTree = "<group>";
		};
		F1F72F4822641CF40079A0A1 /* model */ = {
			isa = PBXGroup;
			children = (
				F1F72F4922641CF40079A0A1 /* FlowBaseModel.m */,
				F1F72F4A22641CF40079A0A1 /* FlowBaseModel.h */,
			);
			path = model;
			sourceTree = "<group>";
		};
		F1F72F4B22641CF40079A0A1 /* view */ = {
			isa = PBXGroup;
			children = (
				F171EBA9225ED4D100227A13 /* UIDraggableCollectionView.m */,
				F171EBAD225ED4D100227A13 /* UIDraggableCollectionView.h */,
				F1F72F4C22641CF40079A0A1 /* FlowCommonCell.h */,
				F1F72F4D22641CF40079A0A1 /* FlowCommonAccessoryCell.m */,
				F1F72F4E22641CF40079A0A1 /* FlowReuseHeaderFooterView.m */,
				F1F72F4F22641CF40079A0A1 /* FlowBaseViewCell.h */,
				F1F72F5022641CF40079A0A1 /* FlowCommonCell.m */,
				F1F72F5122641CF40079A0A1 /* FlowReuseHeaderFooterView.h */,
				F1F72F5222641CF40079A0A1 /* FlowCommonAccessoryCell.h */,
				F1F72F5322641CF40079A0A1 /* FlowBaseViewCell.m */,
			);
			path = view;
			sourceTree = "<group>";
		};
		F1F72F78226812FC0079A0A1 /* Catagory */ = {
			isa = PBXGroup;
			children = (
				F161041B21A67D88005CBA6D /* UIApplication */,
				F1695BAE21C3771000790DB1 /* UIView */,
				F171EBC5225F05F700227A13 /* ScrollView */,
				F171EBA3225ED3BF00227A13 /* UITextField */,
				F10E7CED21B4D561000DFC95 /* NSObject */,
			);
			path = Catagory;
			sourceTree = "<group>";
		};
		F1F72F79226813430079A0A1 /* layout */ = {
			isa = PBXGroup;
			children = (
				F171EBAA225ED4D100227A13 /* ULBCollectionViewFlowLayout.h */,
				F171EBAB225ED4D100227A13 /* UICollectionViewFallFlowLayout.m */,
				F171EBAC225ED4D100227A13 /* ULBCollectionViewFlowLayout.m */,
				F171EBAE225ED4D100227A13 /* UICollectionViewFallFlowLayout.h */,
			);
			path = layout;
			sourceTree = "<group>";
		};
		F1F72F7A2268137C0079A0A1 /* Types */ = {
			isa = PBXGroup;
			children = (
				F161047221AD154D005CBA6D /* Singleton.h */,
				F161047421AD160E005CBA6D /* SerializeKit.h */,
			);
			path = Types;
			sourceTree = "<group>";
		};
/* End PBXGroup section */

/* Begin PBXHeadersBuildPhase section */
		F1E15E8F21A27F97009B3AD8 /* Headers */ = {
			isa = PBXHeadersBuildPhase;
			buildActionMask = 2147483647;
			files = (
				F1E15E9921A27F97009B3AD8 /* GLKit.h in Headers */,
				F1E15EA421A27FF8009B3AD8 /* GCDTimerQueue.h in Headers */,
				F161047521AD160E005CBA6D /* SerializeKit.h in Headers */,
				F161047121AD152F005CBA6D /* CKCache.h in Headers */,
				F161047321AD154D005CBA6D /* Singleton.h in Headers */,
				F161046C21AD14B7005CBA6D /* CKURLProtocol.h in Headers */,
				F161046B21AD14B7005CBA6D /* NSURLProtocol+WKWebview.h in Headers */,
				F161041F21A67D94005CBA6D /* UIApplication+Present.h in Headers */,
				F10E7CF021B4D592000DFC95 /* NSObject+Swizzling.h in Headers */,
				F161041921A67C9A005CBA6D /* CKPopView.h in Headers */,
				F1695BAA21C22C7700790DB1 /* UINavigationController+FDFullscreenPopGesture.h in Headers */,
				F171EBA6225ED3BF00227A13 /* UITextField+limit.h in Headers */,
				F171EBB0225ED4D100227A13 /* ULBCollectionViewFlowLayout.h in Headers */,
				F171EBB4225ED4D100227A13 /* UICollectionViewFallFlowLayout.h in Headers */,
				F1F72F5C22641CF40079A0A1 /* FlowLayout.h in Headers */,
				F1F72F6322641CF40079A0A1 /* FlowBaseViewCell.h in Headers */,
				F1F72F5522641CF40079A0A1 /* FlowSectionViewModel.h in Headers */,
				F1F72F6522641CF40079A0A1 /* FlowReuseHeaderFooterView.h in Headers */,
				F1F72F5622641CF40079A0A1 /* FlowBaseViewModel.h in Headers */,
				F1F72F5B22641CF40079A0A1 /* FlowBaseController.h in Headers */,
				F1F72F5F22641CF40079A0A1 /* FlowBaseModel.h in Headers */,
				F1F72F6622641CF40079A0A1 /* FlowCommonAccessoryCell.h in Headers */,
				F1F72F5822641CF40079A0A1 /* FlowProvider.h in Headers */,
				F1F72F6022641CF40079A0A1 /* FlowCommonCell.h in Headers */,
				F171EBB3225ED4D100227A13 /* UIDraggableCollectionView.h in Headers */,
				F171EBC3225F019500227A13 /* NSObject+Observer.h in Headers */,
				F171EBC9225F05F700227A13 /* UIScrollView+StatusBar.h in Headers */,
				F1695BB221C3771D00790DB1 /* UIView+Extension.h in Headers */,
				F1E15EA521A27FF8009B3AD8 /* GCDTimer.h in Headers */,
			);
			runOnlyForDeploymentPostprocessing = 0;
		};
/* End PBXHeadersBuildPhase section */

/* Begin PBXNativeTarget section */
		F1E15E9321A27F97009B3AD8 /* GLKit */ = {
			isa = PBXNativeTarget;
			buildConfigurationList = F1E15E9C21A27F97009B3AD8 /* Build configuration list for PBXNativeTarget "GLKit" */;
			buildPhases = (
				F1E15E8F21A27F97009B3AD8 /* Headers */,
				F1E15E9021A27F97009B3AD8 /* Sources */,
				F1E15E9121A27F97009B3AD8 /* Frameworks */,
				F1E15E9221A27F97009B3AD8 /* Resources */,
			);
			buildRules = (
			);
			dependencies = (
			);
			name = GLKit;
			productName = ClawsofhadesKit;
			productReference = F1E15E9421A27F97009B3AD8 /* GLKit.framework */;
			productType = "com.apple.product-type.framework";
		};
/* End PBXNativeTarget section */

/* Begin PBXProject section */
		F1E15E8B21A27F97009B3AD8 /* Project object */ = {
			isa = PBXProject;
			attributes = {
				DefaultBuildSystemTypeForWorkspace = Original;
				LastUpgradeCheck = 1010;
				ORGANIZATIONNAME = sunlantao;
				TargetAttributes = {
					F1E15E9321A27F97009B3AD8 = {
						CreatedOnToolsVersion = 10.1;
					};
				};
			};
			buildConfigurationList = F1E15E8E21A27F97009B3AD8 /* Build configuration list for PBXProject "GLKit" */;
			compatibilityVersion = "Xcode 9.3";
			developmentRegion = en;
			hasScannedForEncodings = 0;
			knownRegions = (
				en,
				Base,
			);
			mainGroup = F1E15E8A21A27F97009B3AD8;
			productRefGroup = F1E15E9521A27F97009B3AD8 /* Products */;
			projectDirPath = "";
			projectRoot = "";
			targets = (
				F1E15E9321A27F97009B3AD8 /* GLKit */,
			);
		};
/* End PBXProject section */

/* Begin PBXResourcesBuildPhase section */
		F1E15E9221A27F97009B3AD8 /* Resources */ = {
			isa = PBXResourcesBuildPhase;
			buildActionMask = 2147483647;
			files = (
			);
			runOnlyForDeploymentPostprocessing = 0;
		};
/* End PBXResourcesBuildPhase section */

/* Begin PBXSourcesBuildPhase section */
		F1E15E9021A27F97009B3AD8 /* Sources */ = {
			isa = PBXSourcesBuildPhase;
			buildActionMask = 2147483647;
			files = (
				F1F72F6422641CF40079A0A1 /* FlowCommonCell.m in Sources */,
				F1F72F5722641CF40079A0A1 /* FlowSectionViewModel.m in Sources */,
				F171EBAF225ED4D100227A13 /* UIDraggableCollectionView.m in Sources */,
				F1695BB121C3771D00790DB1 /* UIView+Extension.m in Sources */,
				F1F72F5922641CF40079A0A1 /* FlowProvider.m in Sources */,
				F161041E21A67D94005CBA6D /* UIApplication+Present.m in Sources */,
				F1F72F5422641CF40079A0A1 /* FlowBaseViewModel.m in Sources */,
				F161047021AD152F005CBA6D /* CKCache.m in Sources */,
				F1F72F5D22641CF40079A0A1 /* FlowBaseController.m in Sources */,
				F171EBB2225ED4D100227A13 /* ULBCollectionViewFlowLayout.m in Sources */,
				F161041A21A67C9A005CBA6D /* CKPopView.m in Sources */,
				F1695BA921C22C7700790DB1 /* UINavigationController+FDFullscreenPopGesture.m in Sources */,
				F10E7CF121B4D592000DFC95 /* NSObject+Swizzling.m in Sources */,
				F171EBC4225F019500227A13 /* NSObject+Observer.m in Sources */,
				F171EBB1225ED4D100227A13 /* UICollectionViewFallFlowLayout.m in Sources */,
				F171EBA7225ED3BF00227A13 /* UITextField+limit.m in Sources */,
				F1E15EA721A27FF8009B3AD8 /* GCDTimer.m in Sources */,
				F1F72F6722641CF40079A0A1 /* FlowBaseViewCell.m in Sources */,
				F161046A21AD14B7005CBA6D /* CKURLProtocol.m in Sources */,
				F1E15EA621A27FF8009B3AD8 /* GCDTimerQueue.m in Sources */,
				F1F72F5A22641CF40079A0A1 /* FlowLayout.m in Sources */,
				F161046921AD14B7005CBA6D /* NSURLProtocol+WKWebview.m in Sources */,
				F1F72F5E22641CF40079A0A1 /* FlowBaseModel.m in Sources */,
				F1F72F6222641CF40079A0A1 /* FlowReuseHeaderFooterView.m in Sources */,
				F1F72F6122641CF40079A0A1 /* FlowCommonAccessoryCell.m in Sources */,
				F171EBC8225F05F700227A13 /* UIScrollView+StatusBar.m in Sources */,
			);
			runOnlyForDeploymentPostprocessing = 0;
		};
/* End PBXSourcesBuildPhase section */

/* Begin XCBuildConfiguration section */
		F1E15E9A21A27F97009B3AD8 /* Debug */ = {
			isa = XCBuildConfiguration;
			buildSettings = {
				ALWAYS_SEARCH_USER_PATHS = NO;
				CLANG_ANALYZER_NONNULL = YES;
				CLANG_ANALYZER_NUMBER_OBJECT_CONVERSION = YES_AGGRESSIVE;
				CLANG_CXX_LANGUAGE_STANDARD = "gnu++14";
				CLANG_CXX_LIBRARY = "libc++";
				CLANG_ENABLE_MODULES = YES;
				CLANG_ENABLE_OBJC_ARC = YES;
				CLANG_ENABLE_OBJC_WEAK = YES;
				CLANG_WARN_BLOCK_CAPTURE_AUTORELEASING = YES;
				CLANG_WARN_BOOL_CONVERSION = YES;
				CLANG_WARN_COMMA = YES;
				CLANG_WARN_CONSTANT_CONVERSION = YES;
				CLANG_WARN_DEPRECATED_OBJC_IMPLEMENTATIONS = YES;
				CLANG_WARN_DIRECT_OBJC_ISA_USAGE = YES_ERROR;
				CLANG_WARN_DOCUMENTATION_COMMENTS = YES;
				CLANG_WARN_EMPTY_BODY = YES;
				CLANG_WARN_ENUM_CONVERSION = YES;
				CLANG_WARN_INFINITE_RECURSION = YES;
				CLANG_WARN_INT_CONVERSION = YES;
				CLANG_WARN_NON_LITERAL_NULL_CONVERSION = YES;
				CLANG_WARN_OBJC_IMPLICIT_RETAIN_SELF = YES;
				CLANG_WARN_OBJC_LITERAL_CONVERSION = YES;
				CLANG_WARN_OBJC_ROOT_CLASS = YES_ERROR;
				CLANG_WARN_RANGE_LOOP_ANALYSIS = YES;
				CLANG_WARN_STRICT_PROTOTYPES = YES;
				CLANG_WARN_SUSPICIOUS_MOVE = YES;
				CLANG_WARN_UNGUARDED_AVAILABILITY = YES_AGGRESSIVE;
				CLANG_WARN_UNREACHABLE_CODE = YES;
				CLANG_WARN__DUPLICATE_METHOD_MATCH = YES;
				CODE_SIGN_IDENTITY = "iPhone Developer";
				COPY_PHASE_STRIP = NO;
				CURRENT_PROJECT_VERSION = 1;
				DEBUG_INFORMATION_FORMAT = dwarf;
				ENABLE_STRICT_OBJC_MSGSEND = YES;
				ENABLE_TESTABILITY = YES;
				GCC_C_LANGUAGE_STANDARD = gnu11;
				GCC_DYNAMIC_NO_PIC = NO;
				GCC_NO_COMMON_BLOCKS = YES;
				GCC_OPTIMIZATION_LEVEL = 0;
				GCC_PREPROCESSOR_DEFINITIONS = (
					"DEBUG=1",
					"$(inherited)",
				);
				GCC_WARN_64_TO_32_BIT_CONVERSION = YES;
				GCC_WARN_ABOUT_RETURN_TYPE = YES_ERROR;
				GCC_WARN_UNDECLARED_SELECTOR = YES;
				GCC_WARN_UNINITIALIZED_AUTOS = YES_AGGRESSIVE;
				GCC_WARN_UNUSED_FUNCTION = YES;
				GCC_WARN_UNUSED_VARIABLE = YES;
				IPHONEOS_DEPLOYMENT_TARGET = 12.1;
				MTL_ENABLE_DEBUG_INFO = INCLUDE_SOURCE;
				MTL_FAST_MATH = YES;
				ONLY_ACTIVE_ARCH = YES;
				SDKROOT = iphoneos;
				VERSIONING_SYSTEM = "apple-generic";
				VERSION_INFO_PREFIX = "";
			};
			name = Debug;
		};
		F1E15E9B21A27F97009B3AD8 /* Release */ = {
			isa = XCBuildConfiguration;
			buildSettings = {
				ALWAYS_SEARCH_USER_PATHS = NO;
				CLANG_ANALYZER_NONNULL = YES;
				CLANG_ANALYZER_NUMBER_OBJECT_CONVERSION = YES_AGGRESSIVE;
				CLANG_CXX_LANGUAGE_STANDARD = "gnu++14";
				CLANG_CXX_LIBRARY = "libc++";
				CLANG_ENABLE_MODULES = YES;
				CLANG_ENABLE_OBJC_ARC = YES;
				CLANG_ENABLE_OBJC_WEAK = YES;
				CLANG_WARN_BLOCK_CAPTURE_AUTORELEASING = YES;
				CLANG_WARN_BOOL_CONVERSION = YES;
				CLANG_WARN_COMMA = YES;
				CLANG_WARN_CONSTANT_CONVERSION = YES;
				CLANG_WARN_DEPRECATED_OBJC_IMPLEMENTATIONS = YES;
				CLANG_WARN_DIRECT_OBJC_ISA_USAGE = YES_ERROR;
				CLANG_WARN_DOCUMENTATION_COMMENTS = YES;
				CLANG_WARN_EMPTY_BODY = YES;
				CLANG_WARN_ENUM_CONVERSION = YES;
				CLANG_WARN_INFINITE_RECURSION = YES;
				CLANG_WARN_INT_CONVERSION = YES;
				CLANG_WARN_NON_LITERAL_NULL_CONVERSION = YES;
				CLANG_WARN_OBJC_IMPLICIT_RETAIN_SELF = YES;
				CLANG_WARN_OBJC_LITERAL_CONVERSION = YES;
				CLANG_WARN_OBJC_ROOT_CLASS = YES_ERROR;
				CLANG_WARN_RANGE_LOOP_ANALYSIS = YES;
				CLANG_WARN_STRICT_PROTOTYPES = YES;
				CLANG_WARN_SUSPICIOUS_MOVE = YES;
				CLANG_WARN_UNGUARDED_AVAILABILITY = YES_AGGRESSIVE;
				CLANG_WARN_UNREACHABLE_CODE = YES;
				CLANG_WARN__DUPLICATE_METHOD_MATCH = YES;
				CODE_SIGN_IDENTITY = "iPhone Developer";
				COPY_PHASE_STRIP = NO;
				CURRENT_PROJECT_VERSION = 1;
				DEBUG_INFORMATION_FORMAT = "dwarf-with-dsym";
				ENABLE_NS_ASSERTIONS = NO;
				ENABLE_STRICT_OBJC_MSGSEND = YES;
				GCC_C_LANGUAGE_STANDARD = gnu11;
				GCC_NO_COMMON_BLOCKS = YES;
				GCC_WARN_64_TO_32_BIT_CONVERSION = YES;
				GCC_WARN_ABOUT_RETURN_TYPE = YES_ERROR;
				GCC_WARN_UNDECLARED_SELECTOR = YES;
				GCC_WARN_UNINITIALIZED_AUTOS = YES_AGGRESSIVE;
				GCC_WARN_UNUSED_FUNCTION = YES;
				GCC_WARN_UNUSED_VARIABLE = YES;
				IPHONEOS_DEPLOYMENT_TARGET = 12.1;
				MTL_ENABLE_DEBUG_INFO = NO;
				MTL_FAST_MATH = YES;
				SDKROOT = iphoneos;
				VALIDATE_PRODUCT = YES;
				VERSIONING_SYSTEM = "apple-generic";
				VERSION_INFO_PREFIX = "";
			};
			name = Release;
		};
		F1E15E9D21A27F97009B3AD8 /* Debug */ = {
			isa = XCBuildConfiguration;
			buildSettings = {
				CODE_SIGN_IDENTITY = "";
				CODE_SIGN_STYLE = Automatic;
				DEFINES_MODULE = YES;
				DEVELOPMENT_TEAM = EZMP4LGWC3;
				DYLIB_COMPATIBILITY_VERSION = 1;
				DYLIB_CURRENT_VERSION = 1;
				DYLIB_INSTALL_NAME_BASE = "@rpath";
				INFOPLIST_FILE = GLKit/Info.plist;
				INSTALL_PATH = "$(LOCAL_LIBRARY_DIR)/Frameworks";
				IPHONEOS_DEPLOYMENT_TARGET = 8.0;
				LD_RUNPATH_SEARCH_PATHS = (
					"$(inherited)",
					"@executable_path/Frameworks",
					"@loader_path/Frameworks",
				);
				PRODUCT_BUNDLE_IDENTIFIER = l.t.GLKit;
				PRODUCT_NAME = "$(TARGET_NAME:c99extidentifier)";
				SKIP_INSTALL = YES;
				TARGETED_DEVICE_FAMILY = "1,2";
			};
			name = Debug;
		};
		F1E15E9E21A27F97009B3AD8 /* Release */ = {
			isa = XCBuildConfiguration;
			buildSettings = {
				CODE_SIGN_IDENTITY = "";
				CODE_SIGN_STYLE = Automatic;
				DEFINES_MODULE = YES;
				DEVELOPMENT_TEAM = EZMP4LGWC3;
				DYLIB_COMPATIBILITY_VERSION = 1;
				DYLIB_CURRENT_VERSION = 1;
				DYLIB_INSTALL_NAME_BASE = "@rpath";
				INFOPLIST_FILE = GLKit/Info.plist;
				INSTALL_PATH = "$(LOCAL_LIBRARY_DIR)/Frameworks";
				IPHONEOS_DEPLOYMENT_TARGET = 8.0;
				LD_RUNPATH_SEARCH_PATHS = (
					"$(inherited)",
					"@executable_path/Frameworks",
					"@loader_path/Frameworks",
				);
				PRODUCT_BUNDLE_IDENTIFIER = l.t.GLKit;
				PRODUCT_NAME = "$(TARGET_NAME:c99extidentifier)";
				SKIP_INSTALL = YES;
				TARGETED_DEVICE_FAMILY = "1,2";
			};
			name = Release;
		};
/* End XCBuildConfiguration section */

/* Begin XCConfigurationList section */
		F1E15E8E21A27F97009B3AD8 /* Build configuration list for PBXProject "GLKit" */ = {
			isa = XCConfigurationList;
			buildConfigurations = (
				F1E15E9A21A27F97009B3AD8 /* Debug */,
				F1E15E9B21A27F97009B3AD8 /* Release */,
			);
			defaultConfigurationIsVisible = 0;
			defaultConfigurationName = Release;
		};
		F1E15E9C21A27F97009B3AD8 /* Build configuration list for PBXNativeTarget "GLKit" */ = {
			isa = XCConfigurationList;
			buildConfigurations = (
				F1E15E9D21A27F97009B3AD8 /* Debug */,
				F1E15E9E21A27F97009B3AD8 /* Release */,
			);
			defaultConfigurationIsVisible = 0;
			defaultConfigurationName = Release;
		};
/* End XCConfigurationList section */
	};
	rootObject = F1E15E8B21A27F97009B3AD8 /* Project object */;
}
